// !$*UTF8*$!
{
	archiveVersion = 1;
	classes = {
	};
	objectVersion = 46;
	objects = {

/* Begin PBXBuildFile section */
		007564D61DC0A28000E016F1 /* AppDelegate.swift in Sources */ = {isa = PBXBuildFile; fileRef = 007564D51DC0A28000E016F1 /* AppDelegate.swift */; };
		007564D81DC0A28000E016F1 /* ViewController.swift in Sources */ = {isa = PBXBuildFile; fileRef = 007564D71DC0A28000E016F1 /* ViewController.swift */; };
		007564DB1DC0A28000E016F1 /* Main.storyboard in Resources */ = {isa = PBXBuildFile; fileRef = 007564D91DC0A28000E016F1 /* Main.storyboard */; };
		007564DD1DC0A28000E016F1 /* Assets.xcassets in Resources */ = {isa = PBXBuildFile; fileRef = 007564DC1DC0A28000E016F1 /* Assets.xcassets */; };
		007564E01DC0A28000E016F1 /* LaunchScreen.storyboard in Resources */ = {isa = PBXBuildFile; fileRef = 007564DE1DC0A28000E016F1 /* LaunchScreen.storyboard */; };
/* End PBXBuildFile section */

/* Begin PBXFileReference section */
		007564D21DC0A28000E016F1 /* ResearchKitDemoSwift.app */ = {isa = PBXFileReference; explicitFileType = wrapper.application; includeInIndex = 0; path = ResearchKitDemoSwift.app; sourceTree = BUILT_PRODUCTS_DIR; };
		007564D51DC0A28000E016F1 /* AppDelegate.swift */ = {isa = PBXFileReference; lastKnownFileType = sourcecode.swift; path = AppDelegate.swift; sourceTree = "<group>"; };
		007564D71DC0A28000E016F1 /* ViewController.swift */ = {isa = PBXFileReference; lastKnownFileType = sourcecode.swift; path = ViewController.swift; sourceTree = "<group>"; };
		007564DA1DC0A28000E016F1 /* Base */ = {isa = PBXFileReference; lastKnownFileType = file.storyboard; name = Base; path = Base.lproj/Main.storyboard; sourceTree = "<group>"; };
		007564DC1DC0A28000E016F1 /* Assets.xcassets */ = {isa = PBXFileReference; lastKnownFileType = folder.assetcatalog; path = Assets.xcassets; sourceTree = "<group>"; };
		007564DF1DC0A28000E016F1 /* Base */ = {isa = PBXFileReference; lastKnownFileType = file.storyboard; name = Base; path = Base.lproj/LaunchScreen.storyboard; sourceTree = "<group>"; };
		007564E11DC0A28000E016F1 /* Info.plist */ = {isa = PBXFileReference; lastKnownFileType = text.plist.xml; path = Info.plist; sourceTree = "<group>"; };
/* End PBXFileReference section */

/* Begin PBXFrameworksBuildPhase section */
		007564CF1DC0A28000E016F1 /* Frameworks */ = {
			isa = PBXFrameworksBuildPhase;
			buildActionMask = 2147483647;
			files = (
			);
			runOnlyForDeploymentPostprocessing = 0;
		};
/* End PBXFrameworksBuildPhase section */

/* Begin PBXGroup section */
		007564C91DC0A28000E016F1 = {
			isa = PBXGroup;
			children = (
				007564D41DC0A28000E016F1 /* ResearchKitDemoSwift */,
				007564D31DC0A28000E016F1 /* Products */,
			);
			sourceTree = "<group>";
		};
		007564D31DC0A28000E016F1 /* Products */ = {
			isa = PBXGroup;
			children = (
				007564D21DC0A28000E016F1 /* ResearchKitDemoSwift.app */,
			);
			name = Products;
			sourceTree = "<group>";
		};
		007564D41DC0A28000E016F1 /* ResearchKitDemoSwift */ = {
			isa = PBXGroup;
			children = (
				007564D51DC0A28000E016F1 /* AppDelegate.swift */,
				007564D71DC0A28000E016F1 /* ViewController.swift */,
				007564D91DC0A28000E016F1 /* Main.storyboard */,
				007564DC1DC0A28000E016F1 /* Assets.xcassets */,
				007564DE1DC0A28000E016F1 /* LaunchScreen.storyboard */,
				007564E11DC0A28000E016F1 /* Info.plist */,
			);
			path = ResearchKitDemoSwift;
			sourceTree = "<group>";
		};
/* End PBXGroup section */

/* Begin PBXNativeTarget section */
		007564D11DC0A28000E016F1 /* ResearchKitDemoSwift */ = {
			isa = PBXNativeTarget;
			buildConfigurationList = 007564E41DC0A28000E016F1 /* Build configuration list for PBXNativeTarget "ResearchKitDemoSwift" */;
			buildPhases = (
				007564CE1DC0A28000E016F1 /* Sources */,
				007564CF1DC0A28000E016F1 /* Frameworks */,
				007564D01DC0A28000E016F1 /* Resources */,
			);
			buildRules = (
			);
			dependencies = (
			);
			name = ResearchKitDemoSwift;
			productName = ResearchKitDemoSwift;
			productReference = 007564D21DC0A28000E016F1 /* ResearchKitDemoSwift.app */;
			productType = "com.apple.product-type.application";
		};
/* End PBXNativeTarget section */

/* Begin PBXProject section */
		007564CA1DC0A28000E016F1 /* Project object */ = {
			isa = PBXProject;
			attributes = {
				LastSwiftUpdateCheck = 0800;
				LastUpgradeCheck = 0800;
				ORGANIZATIONNAME = "Sherman Leung";
				TargetAttributes = {
					007564D11DC0A28000E016F1 = {
						CreatedOnToolsVersion = 8.0;
						ProvisioningStyle = Automatic;
					};
				};
			};
			buildConfigurationList = 007564CD1DC0A28000E016F1 /* Build configuration list for PBXProject "ResearchKitDemoSwift" */;
			compatibilityVersion = "Xcode 3.2";
			developmentRegion = English;
			hasScannedForEncodings = 0;
			knownRegions = (
				en,
				Base,
			);
			mainGroup = 007564C91DC0A28000E016F1;
			productRefGroup = 007564D31DC0A28000E016F1 /* Products */;
			projectDirPath = "";
			projectRoot = "";
			targets = (
				007564D11DC0A28000E016F1 /* ResearchKitDemoSwift */,
			);
		};
/* End PBXProject section */

/* Begin PBXResourcesBuildPhase section */
		007564D01DC0A28000E016F1 /* Resources */ = {
			isa = PBXResourcesBuildPhase;
			buildActionMask = 2147483647;
			files = (
				007564E01DC0A28000E016F1 /* LaunchScreen.storyboard in Resources */,
				007564DD1DC0A28000E016F1 /* Assets.xcassets in Resources */,
				007564DB1DC0A28000E016F1 /* Main.storyboard in Resources */,
			);
			runOnlyForDeploymentPostprocessing = 0;
		};
/* End PBXResourcesBuildPhase section */

/* Begin PBXSourcesBuildPhase section */
		007564CE1DC0A28000E016F1 /* Sources */ = {
			isa = PBXSourcesBuildPhase;
			buildActionMask = 2147483647;
			files = (
				007564D81DC0A28000E016F1 /* ViewController.swift in Sources */,
				007564D61DC0A28000E016F1 /* AppDelegate.swift in Sources */,
			);
			runOnlyForDeploymentPostprocessing = 0;
		};
/* End PBXSourcesBuildPhase section */

/* Begin PBXVariantGroup section */
		007564D91DC0A28000E016F1 /* Main.storyboard */ = {
			isa = PBXVariantGroup;
			children = (
				007564DA1DC0A28000E016F1 /* Base */,
			);
			name = Main.storyboard;
			sourceTree = "<group>";
		};
		007564DE1DC0A28000E016F1 /* LaunchScreen.storyboard */ = {
			isa = PBXVariantGroup;
			children = (
				007564DF1DC0A28000E016F1 /* Base */,
			);
			name = LaunchScreen.storyboard;
			sourceTree = "<group>";
		};
/* End PBXVariantGroup section */

/* Begin XCBuildConfiguration section */
		007564E21DC0A28000E016F1 /* Debug */ = {
			isa = XCBuildConfiguration;
			buildSettings = {
				ALWAYS_SEARCH_USER_PATHS = NO;
				CLANG_ANALYZER_NONNULL = YES;
				CLANG_CXX_LANGUAGE_STANDARD = "gnu++0x";
				CLANG_CXX_LIBRARY = "libc++";
				CLANG_ENABLE_MODULES = YES;
				CLANG_ENABLE_OBJC_ARC = YES;
				CLANG_WARN_BOOL_CONVERSION = YES;
				CLANG_WARN_CONSTANT_CONVERSION = YES;
				CLANG_WARN_DIRECT_OBJC_ISA_USAGE = YES_ERROR;
				CLANG_WARN_DOCUMENTATION_COMMENTS = YES;
				CLANG_WARN_EMPTY_BODY = YES;
				CLANG_WARN_ENUM_CONVERSION = YES;
				CLANG_WARN_INFINITE_RECURSION = YES;
				CLANG_WARN_INT_CONVERSION = YES;
				CLANG_WARN_OBJC_ROOT_CLASS = YES_ERROR;
				CLANG_WARN_SUSPICIOUS_MOVES = YES;
				CLANG_WARN_UNREACHABLE_CODE = YES;
				CLANG_WARN__DUPLICATE_METHOD_MATCH = YES;
				"CODE_SIGN_IDENTITY[sdk=iphoneos*]" = "iPhone Developer";
				COPY_PHASE_STRIP = NO;
				DEBUG_INFORMATION_FORMAT = dwarf;
				ENABLE_STRICT_OBJC_MSGSEND = YES;
				ENABLE_TESTABILITY = YES;
				GCC_C_LANGUAGE_STANDARD = gnu99;
				GCC_DYNAMIC_NO_PIC = NO;
				GCC_NO_COMMON_BLOCKS = YES;
				GCC_OPTIMIZATION_LEVEL = 0;
				GCC_PREPROCESSOR_DEFINITIONS = (
					"DEBUG=1",
					"$(inherited)",
				);
				GCC_WARN_64_TO_32_BIT_CONVERSION = YES;
				GCC_WARN_ABOUT_RETURN_TYPE = YES_ERROR;
				GCC_WARN_UNDECLARED_SELECTOR = YES;
				GCC_WARN_UNINITIALIZED_AUTOS = YES_AGGRESSIVE;
				GCC_WARN_UNUSED_FUNCTION = YES;
				GCC_WARN_UNUSED_VARIABLE = YES;
				IPHONEOS_DEPLOYMENT_TARGET = 10.0;
				MTL_ENABLE_DEBUG_INFO = YES;
				ONLY_ACTIVE_ARCH = YES;
				SDKROOT = iphoneos;
				SWIFT_ACTIVE_COMPILATION_CONDITIONS = DEBUG;
				SWIFT_OPTIMIZATION_LEVEL = "-Onone";
			};
			name = Debug;
		};
		007564E31DC0A28000E016F1 /* Release */ = {
			isa = XCBuildConfiguration;
			buildSettings = {
				ALWAYS_SEARCH_USER_PATHS = NO;
				CLANG_ANALYZER_NONNULL = YES;
				CLANG_CXX_LANGUAGE_STANDARD = "gnu++0x";
				CLANG_CXX_LIBRARY = "libc++";
				CLANG_ENABLE_MODULES = YES;
				CLANG_ENABLE_OBJC_ARC = YES;
				CLANG_WARN_BOOL_CONVERSION = YES;
				CLANG_WARN_CONSTANT_CONVERSION = YES;
				CLANG_WARN_DIRECT_OBJC_ISA_USAGE = YES_ERROR;
				CLANG_WARN_DOCUMENTATION_COMMENTS = YES;
				CLANG_WARN_EMPTY_BODY = YES;
				CLANG_WARN_ENUM_CONVERSION = YES;
				CLANG_WARN_INFINITE_RECURSION = YES;
				CLANG_WARN_INT_CONVERSION = YES;
				CLANG_WARN_OBJC_ROOT_CLASS = YES_ERROR;
				CLANG_WARN_SUSPICIOUS_MOVES = YES;
				CLANG_WARN_UNREACHABLE_CODE = YES;
				CLANG_WARN__DUPLICATE_METHOD_MATCH = YES;
				"CODE_SIGN_IDENTITY[sdk=iphoneos*]" = "iPhone Developer";
				COPY_PHASE_STRIP = NO;
				DEBUG_INFORMATION_FORMAT = "dwarf-with-dsym";
				ENABLE_NS_ASSERTIONS = NO;
				ENABLE_STRICT_OBJC_MSGSEND = YES;
				GCC_C_LANGUAGE_STANDARD = gnu99;
				GCC_NO_COMMON_BLOCKS = YES;
				GCC_WARN_64_TO_32_BIT_CONVERSION = YES;
				GCC_WARN_ABOUT_RETURN_TYPE = YES_ERROR;
				GCC_WARN_UNDECLARED_SELECTOR = YES;
				GCC_WARN_UNINITIALIZED_AUTOS = YES_AGGRESSIVE;
				GCC_WARN_UNUSED_FUNCTION = YES;
				GCC_WARN_UNUSED_VARIABLE = YES;
				IPHONEOS_DEPLOYMENT_TARGET = 10.0;
				MTL_ENABLE_DEBUG_INFO = NO;
				SDKROOT = iphoneos;
				SWIFT_OPTIMIZATION_LEVEL = "-Owholemodule";
				VALIDATE_PRODUCT = YES;
			};
			name = Release;
		};
		007564E51DC0A28000E016F1 /* Debug */ = {
			isa = XCBuildConfiguration;
			buildSettings = {
				ASSETCATALOG_COMPILER_APPICON_NAME = AppIcon;
				INFOPLIST_FILE = ResearchKitDemoSwift/Info.plist;
				LD_RUNPATH_SEARCH_PATHS = "$(inherited) @executable_path/Frameworks";
				PRODUCT_BUNDLE_IDENTIFIER = shermanleung.ResearchKitDemoSwift;
				PRODUCT_NAME = "$(TARGET_NAME)";
				SWIFT_VERSION = 3.0;
			};
			name = Debug;
		};
		007564E61DC0A28000E016F1 /* Release */ = {
			isa = XCBuildConfiguration;
			buildSettings = {
				ASSETCATALOG_COMPILER_APPICON_NAME = AppIcon;
				INFOPLIST_FILE = ResearchKitDemoSwift/Info.plist;
				LD_RUNPATH_SEARCH_PATHS = "$(inherited) @executable_path/Frameworks";
				PRODUCT_BUNDLE_IDENTIFIER = shermanleung.ResearchKitDemoSwift;
				PRODUCT_NAME = "$(TARGET_NAME)";
				SWIFT_VERSION = 3.0;
			};
			name = Release;
		};
/* End XCBuildConfiguration section */

/* Begin XCConfigurationList section */
		007564CD1DC0A28000E016F1 /* Build configuration list for PBXProject "ResearchKitDemoSwift" */ = {
			isa = XCConfigurationList;
			buildConfigurations = (
				007564E21DC0A28000E016F1 /* Debug */,
				007564E31DC0A28000E016F1 /* Release */,
			);
			defaultConfigurationIsVisible = 0;
			defaultConfigurationName = Release;
		};
		007564E41DC0A28000E016F1 /* Build configuration list for PBXNativeTarget "ResearchKitDemoSwift" */ = {
			isa = XCConfigurationList;
			buildConfigurations = (
				007564E51DC0A28000E016F1 /* Debug */,
				007564E61DC0A28000E016F1 /* Release */,
			);
			defaultConfigurationIsVisible = 0;
		};
/* End XCConfigurationList section */
	};
	rootObject = 007564CA1DC0A28000E016F1 /* Project object */;
}
